
Microsoft Visual Studio Solution File, Format Version 12.00
# Visual Studio Version 17
VisualStudioVersion = 17.8.34408.163
MinimumVisualStudioVersion = 10.0.40219.1
Project("{FAE04EC0-301F-11D3-BF4B-00C04F79EFBC}") = "Task2", "Task2\Task2.csproj", "{7FC96986-9F99-40C7-953B-A8870829DE2F}"
EndProject
Global
	GlobalSection(SolutionConfigurationPlatforms) = preSolution
		Debug|Any CPU = Debug|Any CPU
		Release|Any CPU = Release|Any CPU
	EndGlobalSection
	GlobalSection(ProjectConfigurationPlatforms) = postSolution
		{7FC96986-9F99-40C7-953B-A8870829DE2F}.Debug|Any CPU.ActiveCfg = Debug|Any CPU
		{7FC96986-9F99-40C7-953B-A8870829DE2F}.Debug|Any CPU.Build.0 = Debug|Any CPU
		{7FC96986-9F99-40C7-953B-A8870829DE2F}.Release|Any CPU.ActiveCfg = Release|Any CPU
		{7FC96986-9F99-40C7-953B-A8870829DE2F}.Release|Any CPU.Build.0 = Release|Any CPU
	EndGlobalSection
	GlobalSection(SolutionProperties) = preSolution
		HideSolutionNode = FALSE
	EndGlobalSection
	GlobalSection(ExtensibilityGlobals) = postSolution
		SolutionGuid = {B3EFE9C7-4CF4-4EAB-8A26-99BE3FCACB30}
	EndGlobalSection
EndGlobal
